
Microsoft Visual Studio Solution File, Format Version 12.00
# Visual Studio Version 17
VisualStudioVersion = 17.9.34728.123
MinimumVisualStudioVersion = 10.0.40219.1
Project("{FAE04EC0-301F-11D3-BF4B-00C04F79EFBC}") = "racketslistener2", "racketslistener2.csproj", "{3E1C10C2-A020-499E-AFA0-FBCEF7246CC6}"
EndProject
Global
	GlobalSection(SolutionConfigurationPlatforms) = preSolution
		Debug|Any CPU = Debug|Any CPU
		Release|Any CPU = Release|Any CPU
	EndGlobalSection
	GlobalSection(ProjectConfigurationPlatforms) = postSolution
		{3E1C10C2-A020-499E-AFA0-FBCEF7246CC6}.Debug|Any CPU.ActiveCfg = Debug|Any CPU
		{3E1C10C2-A020-499E-AFA0-FBCEF7246CC6}.Debug|Any CPU.Build.0 = Debug|Any CPU
		{3E1C10C2-A020-499E-AFA0-FBCEF7246CC6}.Release|Any CPU.ActiveCfg = Release|Any CPU
		{3E1C10C2-A020-499E-AFA0-FBCEF7246CC6}.Release|Any CPU.Build.0 = Release|Any CPU
	EndGlobalSection
	GlobalSection(SolutionProperties) = preSolution
		HideSolutionNode = FALSE
	EndGlobalSection
	GlobalSection(ExtensibilityGlobals) = postSolution
		SolutionGuid = {95AA0668-FDD2-44B2-867E-46A15ABEBF1E}
	EndGlobalSection
EndGlobal
